
Microsoft Visual Studio Solution File, Format Version 12.00
# Visual Studio 15
VisualStudioVersion = 15.0.27428.2027
MinimumVisualStudioVersion = 10.0.40219.1
Project("{FAE04EC0-301F-11D3-BF4B-00C04F79EFBC}") = "DeveloperMovieProject", "DeveloperMovieProject\DeveloperMovieProject.csproj", "{C5130EDF-8E49-43B9-A290-00EA67AEDAED}"
EndProject
Project("{FAE04EC0-301F-11D3-BF4B-00C04F79EFBC}") = "DeveloperMovieProject.Tests", "DeveloperMovieProject.Tests\DeveloperMovieProject.Tests.csproj", "{C8A746DE-4C5C-41A3-84AD-4BEDD0400839}"
EndProject
Global
	GlobalSection(SolutionConfigurationPlatforms) = preSolution
		Debug|Any CPU = Debug|Any CPU
		Release|Any CPU = Release|Any CPU
	EndGlobalSection
	GlobalSection(ProjectConfigurationPlatforms) = postSolution
		{C5130EDF-8E49-43B9-A290-00EA67AEDAED}.Debug|Any CPU.ActiveCfg = Debug|Any CPU
		{C5130EDF-8E49-43B9-A290-00EA67AEDAED}.Debug|Any CPU.Build.0 = Debug|Any CPU
		{C5130EDF-8E49-43B9-A290-00EA67AEDAED}.Release|Any CPU.ActiveCfg = Release|Any CPU
		{C5130EDF-8E49-43B9-A290-00EA67AEDAED}.Release|Any CPU.Build.0 = Release|Any CPU
		{C8A746DE-4C5C-41A3-84AD-4BEDD0400839}.Debug|Any CPU.ActiveCfg = Debug|Any CPU
		{C8A746DE-4C5C-41A3-84AD-4BEDD0400839}.Debug|Any CPU.Build.0 = Debug|Any CPU
		{C8A746DE-4C5C-41A3-84AD-4BEDD0400839}.Release|Any CPU.ActiveCfg = Release|Any CPU
		{C8A746DE-4C5C-41A3-84AD-4BEDD0400839}.Release|Any CPU.Build.0 = Release|Any CPU
	EndGlobalSection
	GlobalSection(SolutionProperties) = preSolution
		HideSolutionNode = FALSE
	EndGlobalSection
	GlobalSection(ExtensibilityGlobals) = postSolution
		SolutionGuid = {CB126950-C08A-40E9-9F58-5D5584706893}
	EndGlobalSection
EndGlobal
